
Microsoft Visual Studio Solution File, Format Version 12.00
# Visual Studio Version 17
VisualStudioVersion = 17.1.32328.378
MinimumVisualStudioVersion = 10.0.40219.1
Project("{9A19103F-16F7-4668-BE54-9A1E7A4F7556}") = "Senex", "FiapWebAPI\Senex.csproj", "{7A09E0D6-DB16-4398-AED1-C03846DFCF92}"
EndProject
Global
	GlobalSection(SolutionConfigurationPlatforms) = preSolution
		Debug|Any CPU = Debug|Any CPU
		Release|Any CPU = Release|Any CPU
	EndGlobalSection
	GlobalSection(ProjectConfigurationPlatforms) = postSolution
		{7A09E0D6-DB16-4398-AED1-C03846DFCF92}.Debug|Any CPU.ActiveCfg = Debug|Any CPU
		{7A09E0D6-DB16-4398-AED1-C03846DFCF92}.Debug|Any CPU.Build.0 = Debug|Any CPU
		{7A09E0D6-DB16-4398-AED1-C03846DFCF92}.Release|Any CPU.ActiveCfg = Release|Any CPU
		{7A09E0D6-DB16-4398-AED1-C03846DFCF92}.Release|Any CPU.Build.0 = Release|Any CPU
	EndGlobalSection
	GlobalSection(SolutionProperties) = preSolution
		HideSolutionNode = FALSE
	EndGlobalSection
	GlobalSection(ExtensibilityGlobals) = postSolution
		SolutionGuid = {A3E872B5-5159-4747-A1B0-C82313B612D4}
	EndGlobalSection
EndGlobal
